# This file is automatically @generated by Cargo.
# It is not intended for manual editing.
[[package]]
name = "duct"
version = "0.13.3"
source = "registry+https://github.com/rust-lang/crates.io-index"
checksum = "1607fa68d55be208e83bcfbcfffbc1ec65c9fbcf9eb1a5d548dc3ac0100743b0"
dependencies = [
 "libc",
 "once_cell",
 "os_pipe",
 "shared_child",
]

[[package]]
name = "libc"
version = "0.2.68"
source = "registry+https://github.com/rust-lang/crates.io-index"
checksum = "dea0c0405123bba743ee3f91f49b1c7cfb684eef0da0a50110f758ccf24cdff0"

[[package]]
name = "once_cell"
version = "1.3.1"
source = "registry+https://github.com/rust-lang/crates.io-index"
checksum = "b1c601810575c99596d4afc46f78a678c80105117c379eb3650cf99b8a21ce5b"

[[package]]
name = "os_pipe"
version = "0.9.1"
source = "registry+https://github.com/rust-lang/crates.io-index"
checksum = "db4d06355a7090ce852965b2d08e11426c315438462638c6d721448d0b47aa22"
dependencies = [
 "libc",
 "winapi",
]

[[package]]
name = "powermenu"
version = "0.1.0"
dependencies = [
 "duct",
]

[[package]]
name = "shared_child"
version = "0.3.4"
source = "registry+https://github.com/rust-lang/crates.io-index"
checksum = "8cebcf3a403e4deafaf34dc882c4a1b6a648b43e5670aa2e4bb985914eaeb2d2"
dependencies = [
 "libc",
 "winapi",
]

[[package]]
name = "winapi"
version = "0.3.8"
source = "registry+https://github.com/rust-lang/crates.io-index"
checksum = "8093091eeb260906a183e6ae1abdba2ef5ef2257a21801128899c3fc699229c6"
dependencies = [
 "winapi-i686-pc-windows-gnu",
 "winapi-x86_64-pc-windows-gnu",
]

[[package]]
name = "winapi-i686-pc-windows-gnu"
version = "0.4.0"
source = "registry+https://github.com/rust-lang/crates.io-index"
checksum = "ac3b87c63620426dd9b991e5ce0329eff545bccbbb34f3be09ff6fb6ab51b7b6"

[[package]]
name = "winapi-x86_64-pc-windows-gnu"
version = "0.4.0"
source = "registry+https://github.com/rust-lang/crates.io-index"
checksum = "712e227841d057c1ee1cd2fb22fa7e5a5461ae8e48fa2ca79ec42cfc1931183f"
